
Microsoft Visual Studio Solution File, Format Version 12.00
# Visual Studio Version 17
VisualStudioVersion = 17.0.32014.148
MinimumVisualStudioVersion = 10.0.40219.1
Project("{FAE04EC0-301F-11D3-BF4B-00C04F79EFBC}") = "Screenshot Tool", "Screenshot Tool\Screenshot Tool.csproj", "{1553CEBB-2FFB-45C3-A1AE-AEF9858AB206}"
EndProject
Global
	GlobalSection(SolutionConfigurationPlatforms) = preSolution
		Debug|Any CPU = Debug|Any CPU
		Release|Any CPU = Release|Any CPU
	EndGlobalSection
	GlobalSection(ProjectConfigurationPlatforms) = postSolution
		{1553CEBB-2FFB-45C3-A1AE-AEF9858AB206}.Debug|Any CPU.ActiveCfg = Debug|Any CPU
		{1553CEBB-2FFB-45C3-A1AE-AEF9858AB206}.Debug|Any CPU.Build.0 = Debug|Any CPU
		{1553CEBB-2FFB-45C3-A1AE-AEF9858AB206}.Release|Any CPU.ActiveCfg = Release|Any CPU
		{1553CEBB-2FFB-45C3-A1AE-AEF9858AB206}.Release|Any CPU.Build.0 = Release|Any CPU
	EndGlobalSection
	GlobalSection(SolutionProperties) = preSolution
		HideSolutionNode = FALSE
	EndGlobalSection
	GlobalSection(ExtensibilityGlobals) = postSolution
		SolutionGuid = {B28473D1-EB1B-4970-8C7D-359FB7D1DE64}
	EndGlobalSection
EndGlobal
